
Microsoft Visual Studio Solution File, Format Version 12.00
# Visual Studio 15
VisualStudioVersion = 15.0.28307.489
MinimumVisualStudioVersion = 10.0.40219.1
Project("{FAE04EC0-301F-11D3-BF4B-00C04F79EFBC}") = "TAR解碼", "TAR解碼\TAR解碼.csproj", "{656DC153-16BA-477C-8D62-C98627FCC237}"
EndProject
Global
	GlobalSection(SolutionConfigurationPlatforms) = preSolution
		Debug|Any CPU = Debug|Any CPU
		Release|Any CPU = Release|Any CPU
	EndGlobalSection
	GlobalSection(ProjectConfigurationPlatforms) = postSolution
		{656DC153-16BA-477C-8D62-C98627FCC237}.Debug|Any CPU.ActiveCfg = Debug|Any CPU
		{656DC153-16BA-477C-8D62-C98627FCC237}.Debug|Any CPU.Build.0 = Debug|Any CPU
		{656DC153-16BA-477C-8D62-C98627FCC237}.Release|Any CPU.ActiveCfg = Release|Any CPU
		{656DC153-16BA-477C-8D62-C98627FCC237}.Release|Any CPU.Build.0 = Release|Any CPU
	EndGlobalSection
	GlobalSection(SolutionProperties) = preSolution
		HideSolutionNode = FALSE
	EndGlobalSection
	GlobalSection(ExtensibilityGlobals) = postSolution
		SolutionGuid = {D0F8C534-3BE2-45C0-AC3D-96F1C1791D4F}
	EndGlobalSection
EndGlobal
